
Microsoft Visual Studio Solution File, Format Version 12.00
# Visual Studio Version 17
VisualStudioVersion = 17.0.31912.275
MinimumVisualStudioVersion = 10.0.40219.1
Project("{9A19103F-16F7-4668-BE54-9A1E7A4F7556}") = "GeraEstoque", "GeraEstoque.csproj", "{DE0A7BD3-18C9-4F67-804B-440E01AF0E68}"
EndProject
Global
	GlobalSection(SolutionConfigurationPlatforms) = preSolution
		Debug|Any CPU = Debug|Any CPU
		Release|Any CPU = Release|Any CPU
	EndGlobalSection
	GlobalSection(ProjectConfigurationPlatforms) = postSolution
		{DE0A7BD3-18C9-4F67-804B-440E01AF0E68}.Debug|Any CPU.ActiveCfg = Debug|Any CPU
		{DE0A7BD3-18C9-4F67-804B-440E01AF0E68}.Debug|Any CPU.Build.0 = Debug|Any CPU
		{DE0A7BD3-18C9-4F67-804B-440E01AF0E68}.Release|Any CPU.ActiveCfg = Release|Any CPU
		{DE0A7BD3-18C9-4F67-804B-440E01AF0E68}.Release|Any CPU.Build.0 = Release|Any CPU
	EndGlobalSection
	GlobalSection(SolutionProperties) = preSolution
		HideSolutionNode = FALSE
	EndGlobalSection
	GlobalSection(ExtensibilityGlobals) = postSolution
		SolutionGuid = {9E007979-5607-4B68-8BFD-B9F1B92EF1ED}
	EndGlobalSection
EndGlobal
